
Microsoft Visual Studio Solution File, Format Version 12.00
# Visual Studio Version 17
VisualStudioVersion = 17.7.34003.232
MinimumVisualStudioVersion = 10.0.40219.1
Project("{FAE04EC0-301F-11D3-BF4B-00C04F79EFBC}") = "TestApp", "TestApp\TestApp.csproj", "{FFAF4979-5CE5-4336-9BAD-4B216DC2DAB9}"
EndProject
Project("{FAE04EC0-301F-11D3-BF4B-00C04F79EFBC}") = "Catalyst.Engine", "Catalyst.Engine\Catalyst.Engine.csproj", "{97F1B150-8BA5-4D7C-A735-87C3A5039201}"
EndProject
Project("{FAE04EC0-301F-11D3-BF4B-00C04F79EFBC}") = "Catalyst", "Catalyst\Catalyst.csproj", "{9607AC72-F0F4-4664-A2FF-F9440DF2E9A0}"
EndProject
Global
	GlobalSection(SolutionConfigurationPlatforms) = preSolution
		Debug|Any CPU = Debug|Any CPU
		Release|Any CPU = Release|Any CPU
	EndGlobalSection
	GlobalSection(ProjectConfigurationPlatforms) = postSolution
		{FFAF4979-5CE5-4336-9BAD-4B216DC2DAB9}.Debug|Any CPU.ActiveCfg = Debug|Any CPU
		{FFAF4979-5CE5-4336-9BAD-4B216DC2DAB9}.Debug|Any CPU.Build.0 = Debug|Any CPU
		{FFAF4979-5CE5-4336-9BAD-4B216DC2DAB9}.Release|Any CPU.ActiveCfg = Release|Any CPU
		{FFAF4979-5CE5-4336-9BAD-4B216DC2DAB9}.Release|Any CPU.Build.0 = Release|Any CPU
		{97F1B150-8BA5-4D7C-A735-87C3A5039201}.Debug|Any CPU.ActiveCfg = Debug|Any CPU
		{97F1B150-8BA5-4D7C-A735-87C3A5039201}.Debug|Any CPU.Build.0 = Debug|Any CPU
		{97F1B150-8BA5-4D7C-A735-87C3A5039201}.Release|Any CPU.ActiveCfg = Release|Any CPU
		{97F1B150-8BA5-4D7C-A735-87C3A5039201}.Release|Any CPU.Build.0 = Release|Any CPU
		{9607AC72-F0F4-4664-A2FF-F9440DF2E9A0}.Debug|Any CPU.ActiveCfg = Debug|Any CPU
		{9607AC72-F0F4-4664-A2FF-F9440DF2E9A0}.Debug|Any CPU.Build.0 = Debug|Any CPU
		{9607AC72-F0F4-4664-A2FF-F9440DF2E9A0}.Release|Any CPU.ActiveCfg = Release|Any CPU
		{9607AC72-F0F4-4664-A2FF-F9440DF2E9A0}.Release|Any CPU.Build.0 = Release|Any CPU
	EndGlobalSection
	GlobalSection(SolutionProperties) = preSolution
		HideSolutionNode = FALSE
	EndGlobalSection
EndGlobal
