
Microsoft Visual Studio Solution File, Format Version 12.00
# Visual Studio Version 17
VisualStudioVersion = 17.7.34003.232
MinimumVisualStudioVersion = 10.0.40219.1
Project("{9A19103F-16F7-4668-BE54-9A1E7A4F7556}") = "TriangleExample", "Examples\TriangleExample\TriangleExample.csproj", "{FFAF4979-5CE5-4336-9BAD-4B216DC2DAB9}"
EndProject
Project("{2150E333-8FDC-42A3-9474-1A3956D46DE8}") = "Examples", "Examples", "{ACA4C31C-0201-48BC-91AA-F2F13BAAFCEB}"
EndProject
Project("{9A19103F-16F7-4668-BE54-9A1E7A4F7556}") = "ComputeShader", "Examples\ComputeShader\ComputeShader.csproj", "{FDB346DF-7799-4DAA-869C-737FBA8BD07F}"
EndProject
Project("{9A19103F-16F7-4668-BE54-9A1E7A4F7556}") = "Licht", "Licht\Licht.csproj", "{BA18A08A-E169-466A-B83F-C470A7B3B00F}"
EndProject
Project("{9A19103F-16F7-4668-BE54-9A1E7A4F7556}") = "Licht.Vulkan", "Licht.Vulkan\Licht.Vulkan.csproj", "{54BBC41E-7E79-4C5D-92A9-0D3741B37BCC}"
EndProject
Project("{9A19103F-16F7-4668-BE54-9A1E7A4F7556}") = "Licht.Vulkan.Generator", "Licht.Vulkan.Generator\Licht.Vulkan.Generator.csproj", "{39AEB4C0-38E3-405A-B47B-6A02C34405C6}"
EndProject
Project("{FAE04EC0-301F-11D3-BF4B-00C04F79EFBC}") = "ImGuiExample", "Examples\ImGuiExample\ImGuiExample.csproj", "{DE84C4F9-4B49-47A5-829A-EE59E6D15538}"
EndProject
Project("{FAE04EC0-301F-11D3-BF4B-00C04F79EFBC}") = "ConsoleApp1", "ConsoleApp1\ConsoleApp1.csproj", "{82492346-0880-4669-8974-6F25C5FC2CDD}"
EndProject
Global
	GlobalSection(SolutionConfigurationPlatforms) = preSolution
		Debug|Any CPU = Debug|Any CPU
		Release|Any CPU = Release|Any CPU
	EndGlobalSection
	GlobalSection(ProjectConfigurationPlatforms) = postSolution
		{FFAF4979-5CE5-4336-9BAD-4B216DC2DAB9}.Debug|Any CPU.ActiveCfg = Debug|Any CPU
		{FFAF4979-5CE5-4336-9BAD-4B216DC2DAB9}.Debug|Any CPU.Build.0 = Debug|Any CPU
		{FFAF4979-5CE5-4336-9BAD-4B216DC2DAB9}.Release|Any CPU.ActiveCfg = Release|Any CPU
		{FFAF4979-5CE5-4336-9BAD-4B216DC2DAB9}.Release|Any CPU.Build.0 = Release|Any CPU
		{FDB346DF-7799-4DAA-869C-737FBA8BD07F}.Debug|Any CPU.ActiveCfg = Debug|Any CPU
		{FDB346DF-7799-4DAA-869C-737FBA8BD07F}.Debug|Any CPU.Build.0 = Debug|Any CPU
		{FDB346DF-7799-4DAA-869C-737FBA8BD07F}.Release|Any CPU.ActiveCfg = Release|Any CPU
		{FDB346DF-7799-4DAA-869C-737FBA8BD07F}.Release|Any CPU.Build.0 = Release|Any CPU
		{BA18A08A-E169-466A-B83F-C470A7B3B00F}.Debug|Any CPU.ActiveCfg = Debug|Any CPU
		{BA18A08A-E169-466A-B83F-C470A7B3B00F}.Debug|Any CPU.Build.0 = Debug|Any CPU
		{BA18A08A-E169-466A-B83F-C470A7B3B00F}.Release|Any CPU.ActiveCfg = Release|Any CPU
		{BA18A08A-E169-466A-B83F-C470A7B3B00F}.Release|Any CPU.Build.0 = Release|Any CPU
		{54BBC41E-7E79-4C5D-92A9-0D3741B37BCC}.Debug|Any CPU.ActiveCfg = Debug|Any CPU
		{54BBC41E-7E79-4C5D-92A9-0D3741B37BCC}.Debug|Any CPU.Build.0 = Debug|Any CPU
		{54BBC41E-7E79-4C5D-92A9-0D3741B37BCC}.Release|Any CPU.ActiveCfg = Release|Any CPU
		{54BBC41E-7E79-4C5D-92A9-0D3741B37BCC}.Release|Any CPU.Build.0 = Release|Any CPU
		{39AEB4C0-38E3-405A-B47B-6A02C34405C6}.Debug|Any CPU.ActiveCfg = Debug|Any CPU
		{39AEB4C0-38E3-405A-B47B-6A02C34405C6}.Debug|Any CPU.Build.0 = Debug|Any CPU
		{39AEB4C0-38E3-405A-B47B-6A02C34405C6}.Release|Any CPU.ActiveCfg = Release|Any CPU
		{39AEB4C0-38E3-405A-B47B-6A02C34405C6}.Release|Any CPU.Build.0 = Release|Any CPU
		{DE84C4F9-4B49-47A5-829A-EE59E6D15538}.Debug|Any CPU.ActiveCfg = Debug|Any CPU
		{DE84C4F9-4B49-47A5-829A-EE59E6D15538}.Debug|Any CPU.Build.0 = Debug|Any CPU
		{DE84C4F9-4B49-47A5-829A-EE59E6D15538}.Release|Any CPU.ActiveCfg = Release|Any CPU
		{DE84C4F9-4B49-47A5-829A-EE59E6D15538}.Release|Any CPU.Build.0 = Release|Any CPU
		{82492346-0880-4669-8974-6F25C5FC2CDD}.Debug|Any CPU.ActiveCfg = Debug|Any CPU
		{82492346-0880-4669-8974-6F25C5FC2CDD}.Debug|Any CPU.Build.0 = Debug|Any CPU
		{82492346-0880-4669-8974-6F25C5FC2CDD}.Release|Any CPU.ActiveCfg = Release|Any CPU
		{82492346-0880-4669-8974-6F25C5FC2CDD}.Release|Any CPU.Build.0 = Release|Any CPU
	EndGlobalSection
	GlobalSection(SolutionProperties) = preSolution
		HideSolutionNode = FALSE
	EndGlobalSection
	GlobalSection(NestedProjects) = preSolution
		{FFAF4979-5CE5-4336-9BAD-4B216DC2DAB9} = {ACA4C31C-0201-48BC-91AA-F2F13BAAFCEB}
		{FDB346DF-7799-4DAA-869C-737FBA8BD07F} = {ACA4C31C-0201-48BC-91AA-F2F13BAAFCEB}
		{DE84C4F9-4B49-47A5-829A-EE59E6D15538} = {ACA4C31C-0201-48BC-91AA-F2F13BAAFCEB}
	EndGlobalSection
	GlobalSection(ExtensibilityGlobals) = postSolution
		SolutionGuid = {BBC0021C-EDCA-4375-A2EF-84EF178632B0}
	EndGlobalSection
EndGlobal
